{
    "_meta": {
        "hash": {
            "sha256": "6bab3ba150214a5c2b06b40602320b8b94946585fd38b9e577e6f280bacf00d0"
        },
        "pipfile-spec": 6,
        "requires": {
            "python_version": "3.6"
        },
        "sources": [
            {
                "name": "pypi",
                "url": "https://pypi.org/simple",
                "verify_ssl": true
            }
        ]
    },
    "default": {
        "click": {
            "hashes": [
                "sha256:cc6a19da8ebff6e7074f731447ef7e112bd23adf3de5c597cf9989f2fd8defe9",
                "sha256:fcf697e1fd4b567d817c69dab10a4035937fe6af175c05fd6806b69f74cbc6c4"
            ],
            "index": "pypi",
            "version": "==6.6"
        },
        "flask": {
            "hashes": [
                "sha256:a4f97abd30d289e548434ef42317a793f58087be1989eab96f2c647470e77000",
                "sha256:b4713f2bfb9ebc2966b8a49903ae0d3984781d5c878591cf2f7b484d28756b0e"
            ],
            "index": "pypi",
            "version": "==0.11.1"
        },
        "flask-sqlalchemy": {
            "hashes": [
                "sha256:c5244de44cc85d2267115624d83faef3f9e8f088756788694f305a5d5ad137c5"
            ],
            "index": "pypi",
            "version": "==2.1"
        },
        "itsdangerous": {
            "hashes": [
                "sha256:cbb3fcf8d3e33df861709ecaf89d9e6629cff0a217bc2848f1b41cd30d360519"
            ],
            "index": "pypi",
            "version": "==0.24"
        },
        "jinja2": {
            "hashes": [
                "sha256:1cc03ef32b64be19e0a5b54578dd790906a34943fe9102cfdae0d4495bd536b4",
                "sha256:bc1ff2ff88dbfacefde4ddde471d1417d3b304e8df103a7a9437d47269201bf4"
            ],
            "index": "pypi",
            "version": "==2.8"
        },
        "markupsafe": {
            "hashes": [
                "sha256:a4ec1aff59b95a14b45eb2e23761a0179e98319da5a7eb76b56ea8cdc7b871c3"
            ],
            "index": "pypi",
            "version": "==0.23"
        },
        "pymysql": {
            "hashes": [
                "sha256:5006c7cf25cdf56f0c01ab21b8255ae5753464678c84ea8d00444667cc7a34ef",
                "sha256:faf91556eaefc5f46083be92ee982633e27fbbcdc77dcd94ce0d1ada1928ce35"
            ],
            "index": "pypi",
            "version": "==0.7.5"
        },
        "sqlalchemy": {
            "hashes": [
                "sha256:e755fd23b8bd574163d392ae85f41f6cd32eca8fe5bd7b5692de77265bb220cf"
            ],
            "index": "pypi",
            "version": "==1.0.13"
        },
        "werkzeug": {
            "hashes": [
                "sha256:cc64dafbacc716cdd42503cf6c44cb5a35576443d82f29f6829e5c49264aeeee",
                "sha256:f22b9762589decfde50149c7ee080713cbf6129b49ce2b398f59b709b161a8d3"
            ],
            "index": "pypi",
            "version": "==0.11.10"
        }
    },
    "develop": {}
}
